# This file is automatically @generated by Cargo.
# It is not intended for manual editing.
version = 4

[[package]]
name = "aidoku"
version = "0.2.0"
source = "git+https://github.com/Aidoku/aidoku-rs/?branch=legacy#04baab2a0d97d5dd49e7169d062bc42ab49fda73"
dependencies = [
 "aidoku_helpers",
 "aidoku_imports",
 "aidoku_macros",
 "aidoku_proc_macros",
 "dlmalloc",
]

[[package]]
name = "aidoku_helpers"
version = "0.1.0"
source = "git+https://github.com/Aidoku/aidoku-rs/?branch=legacy#04baab2a0d97d5dd49e7169d062bc42ab49fda73"
dependencies = [
 "aidoku_imports",
]

[[package]]
name = "aidoku_imports"
version = "0.2.0"
source = "git+https://github.com/Aidoku/aidoku-rs/?branch=legacy#04baab2a0d97d5dd49e7169d062bc42ab49fda73"

[[package]]
name = "aidoku_macros"
version = "0.1.0"
source = "git+https://github.com/Aidoku/aidoku-rs/?branch=legacy#04baab2a0d97d5dd49e7169d062bc42ab49fda73"

[[package]]
name = "aidoku_proc_macros"
version = "0.2.0"
source = "git+https://github.com/Aidoku/aidoku-rs/?branch=legacy#04baab2a0d97d5dd49e7169d062bc42ab49fda73"
dependencies = [
 "proc-macro2",
 "quote",
 "syn",
]

[[package]]
name = "cfg-if"
version = "1.0.5"
source = "registry+https://github.com/rust-lang/crates.io-index"
checksum = "4e7648175b45a9a48536d676f68d918270699102aa8dab5496df06904c914600"

[[package]]
name = "dlmalloc"
version = "0.2.14"
source = "registry+https://github.com/rust-lang/crates.io-index"
checksum = "ad5208a115eaba24916f7456929832e310a81518c641f93fee4f89aa93aa3675"
dependencies = [
 "cfg-if",
 "libc",
 "windows-sys",
]

[[package]]
name = "libc"
version = "0.2.189"
source = "registry+https://github.com/rust-lang/crates.io-index"
checksum = "3eaf3ede3fee6db1a4c2ee091bf8a8b4dccdc6d17f656fb07896ee72867612f2"

[[package]]
name = "proc-macro2"
version = "1.0.107"
source = "registry+https://github.com/rust-lang/crates.io-index"
checksum = "985e7ec9bb745e6ce6535b544d84d6cd6f7ad8bd711c398938ae983b91a766d9"
dependencies = [
 "unicode-ident",
]

[[package]]
name = "quote"
version = "1.0.47"
source = "registry+https://github.com/rust-lang/crates.io-index"
checksum = "1fbf4db142a473a8d80c26bbf18454ed458bf8d26c8219c331daecfdbd079001"
dependencies = [
 "proc-macro2",
]

[[package]]
name = "syn"
version = "1.0.109"
source = "registry+https://github.com/rust-lang/crates.io-index"
checksum = "72b64191b275b66ffe2469e8af2c1cfe3bafa67b529ead792a6d0160888b4237"
dependencies = [
 "proc-macro2",
 "quote",
 "unicode-ident",
]

[[package]]
name = "unicode-ident"
version = "1.0.26"
source = "registry+https://github.com/rust-lang/crates.io-index"
checksum = "d245f478577f809a851594d02313b640fb437e0bb33866753cff937863096954"

[[package]]
name = "webtoon_kr"
version = "0.1.0"
dependencies = [
 "aidoku",
]

[[package]]
name = "windows-link"
version = "0.2.1"
source = "registry+https://github.com/rust-lang/crates.io-index"
checksum = "f0805222e57f7521d6a62e36fa9163bc891acd422f971defe97d64e70d0a4fe5"

[[package]]
name = "windows-sys"
version = "0.61.2"
source = "registry+https://github.com/rust-lang/crates.io-index"
checksum = "ae137229bcbd6cdf0f7b80a31df61766145077ddf49416a728b02cb3921ff3fc"
dependencies = [
 "windows-link",
]
